
Microsoft Visual Studio Solution File, Format Version 12.00
# Visual Studio Version 17
VisualStudioVersion = 17.6.33815.320
MinimumVisualStudioVersion = 10.0.40219.1
Project("{2150E333-8FDC-42A3-9474-1A3956D46DE8}") = "Engine", "Engine", "{9A754086-3BB2-4F86-933F-C063EB073079}"
EndProject
Project("{2150E333-8FDC-42A3-9474-1A3956D46DE8}") = "Framework", "Framework", "{27FE03D3-7CD7-4AE2-8422-13123647D5F7}"
EndProject
Project("{8BC9CEB8-8B4A-11D0-8D11-00A0C91BC942}") = "KTEngine", "Engine\KTEngine\KTEngine.vcxproj", "{50558D65-F722-4464-B0FC-F75F71A06042}"
EndProject
Project("{8BC9CEB8-8B4A-11D0-8D11-00A0C91BC942}") = "Core", "FrameWork\Core\Core.vcxproj", "{347DF94C-C5FE-4CBD-89D7-E1CB7A57D97D}"
EndProject
Project("{2150E333-8FDC-42A3-9474-1A3956D46DE8}") = "VSProps", "VSProps", "{065FBC0C-6CE9-4816-BB3B-659EAB36DFED}"
	ProjectSection(SolutionItems) = preProject
		VSProps\EngineLib.props = VSProps\EngineLib.props
		VSProps\FrameworkLib.props = VSProps\FrameworkLib.props
		VSProps\KTEngine.props = VSProps\KTEngine.props
	EndProjectSection
EndProject
Project("{2150E333-8FDC-42A3-9474-1A3956D46DE8}") = "Common", "Common", "{F4477525-A4BD-4A9A-B753-FB30D800CBE1}"
	ProjectSection(SolutionItems) = preProject
		VSProps\Common\Common.props = VSProps\Common\Common.props
		VSProps\Common\Library.props = VSProps\Common\Library.props
	EndProjectSection
EndProject
Project("{2150E333-8FDC-42A3-9474-1A3956D46DE8}") = "VGP242", "VGP242", "{6D91F16A-5DD5-45C7-B757-6E49D958D8A2}"
EndProject
Project("{8BC9CEB8-8B4A-11D0-8D11-00A0C91BC942}") = "01_HelloWindow", "VGP242\01_HelloWindow\01_HelloWindow.vcxproj", "{6CB31799-11D9-401E-9D8F-EEFF030E63D6}"
EndProject
Project("{8BC9CEB8-8B4A-11D0-8D11-00A0C91BC942}") = "Math", "FrameWork\Math\Math.vcxproj", "{F279E93D-631B-4016-B6A5-16F13094AE5A}"
EndProject
Project("{8BC9CEB8-8B4A-11D0-8D11-00A0C91BC942}") = "Graphics", "FrameWork\Graphics\Graphics.vcxproj", "{2D0E2C6C-0581-47E5-8396-B533B043E578}"
EndProject
Project("{2150E333-8FDC-42A3-9474-1A3956D46DE8}") = "External", "External", "{DB27359A-0C22-40EA-A245-6E55D2489E5D}"
EndProject
Project("{8BC9CEB8-8B4A-11D0-8D11-00A0C91BC942}") = "DirectXTK_Desktop_2019", "External\DirectXTK\DirectXTK_Desktop_2019.vcxproj", "{E0B52AE7-E160-4D32-BF3F-910B785E5A8E}"
EndProject
Project("{8BC9CEB8-8B4A-11D0-8D11-00A0C91BC942}") = "02_HellowShape", "VGP242\02_HellowShape\02_HellowShape.vcxproj", "{7DBB5176-B7CD-4E0B-8466-17AC5D426073}"
EndProject
Project("{8BC9CEB8-8B4A-11D0-8D11-00A0C91BC942}") = "Input", "FrameWork\Input\Input.vcxproj", "{3629F01A-6FED-42EB-B308-E9F7F1346EAF}"
EndProject
Project("{2150E333-8FDC-42A3-9474-1A3956D46DE8}") = "Assets", "Assets", "{614F41C5-BEBB-48ED-B559-0EEE3AF57B07}"
EndProject
Project("{2150E333-8FDC-42A3-9474-1A3956D46DE8}") = "Shaders", "Shaders", "{45F12F59-52C9-4702-8F1B-CA6B06927167}"
	ProjectSection(SolutionItems) = preProject
		Assets\Shaders\DoSomething.fx = Assets\Shaders\DoSomething.fx
		Assets\Shaders\DoTexturing.fx = Assets\Shaders\DoTexturing.fx
		Assets\Shaders\DoTransform.fx = Assets\Shaders\DoTransform.fx
	EndProjectSection
EndProject
Project("{8BC9CEB8-8B4A-11D0-8D11-00A0C91BC942}") = "03_HelloCube", "VGP242\03_HelloCube\03_HelloCube.vcxproj", "{BC6DF716-4552-478A-A95F-56C5307C7F88}"
EndProject
Project("{8BC9CEB8-8B4A-11D0-8D11-00A0C91BC942}") = "04_HelloMeshBuilder", "VGP242\04_HelloMeshBuilder\04_HelloMeshBuilder.vcxproj", "{0D719EAF-0607-43DB-8ABB-D5FBBAAC89E8}"
EndProject
Project("{8BC9CEB8-8B4A-11D0-8D11-00A0C91BC942}") = "05_HelloSimpleDraw", "VGP242\05_HelloSimpleDraw\05_HelloSimpleDraw.vcxproj", "{CDA752AE-BFD0-474B-8835-128F2342869C}"
EndProject
Project("{8BC9CEB8-8B4A-11D0-8D11-00A0C91BC942}") = "ImGui", "External\ImGui\ImGui.vcxproj", "{52D656A2-A2F4-4C54-A3C7-653427BED1E8}"
EndProject
Project("{8BC9CEB8-8B4A-11D0-8D11-00A0C91BC942}") = "06_HelloImGui", "VGP242\06_HelloImGui\06_HelloImGui.vcxproj", "{616548C4-23B8-46D2-B1BA-0F1AC290CA2A}"
EndProject
Global
	GlobalSection(SolutionConfigurationPlatforms) = preSolution
		Debug|x64 = Debug|x64
		Debug|x86 = Debug|x86
		Release|x64 = Release|x64
		Release|x86 = Release|x86
	EndGlobalSection
	GlobalSection(ProjectConfigurationPlatforms) = postSolution
		{50558D65-F722-4464-B0FC-F75F71A06042}.Debug|x64.ActiveCfg = Debug|x64
		{50558D65-F722-4464-B0FC-F75F71A06042}.Debug|x64.Build.0 = Debug|x64
		{50558D65-F722-4464-B0FC-F75F71A06042}.Debug|x86.ActiveCfg = Debug|Win32
		{50558D65-F722-4464-B0FC-F75F71A06042}.Debug|x86.Build.0 = Debug|Win32
		{50558D65-F722-4464-B0FC-F75F71A06042}.Release|x64.ActiveCfg = Release|x64
		{50558D65-F722-4464-B0FC-F75F71A06042}.Release|x64.Build.0 = Release|x64
		{50558D65-F722-4464-B0FC-F75F71A06042}.Release|x86.ActiveCfg = Release|Win32
		{50558D65-F722-4464-B0FC-F75F71A06042}.Release|x86.Build.0 = Release|Win32
		{347DF94C-C5FE-4CBD-89D7-E1CB7A57D97D}.Debug|x64.ActiveCfg = Debug|x64
		{347DF94C-C5FE-4CBD-89D7-E1CB7A57D97D}.Debug|x64.Build.0 = Debug|x64
		{347DF94C-C5FE-4CBD-89D7-E1CB7A57D97D}.Debug|x86.ActiveCfg = Debug|Win32
		{347DF94C-C5FE-4CBD-89D7-E1CB7A57D97D}.Debug|x86.Build.0 = Debug|Win32
		{347DF94C-C5FE-4CBD-89D7-E1CB7A57D97D}.Release|x64.ActiveCfg = Release|x64
		{347DF94C-C5FE-4CBD-89D7-E1CB7A57D97D}.Release|x64.Build.0 = Release|x64
		{347DF94C-C5FE-4CBD-89D7-E1CB7A57D97D}.Release|x86.ActiveCfg = Release|Win32
		{347DF94C-C5FE-4CBD-89D7-E1CB7A57D97D}.Release|x86.Build.0 = Release|Win32
		{6CB31799-11D9-401E-9D8F-EEFF030E63D6}.Debug|x64.ActiveCfg = Debug|x64
		{6CB31799-11D9-401E-9D8F-EEFF030E63D6}.Debug|x64.Build.0 = Debug|x64
		{6CB31799-11D9-401E-9D8F-EEFF030E63D6}.Debug|x86.ActiveCfg = Debug|Win32
		{6CB31799-11D9-401E-9D8F-EEFF030E63D6}.Debug|x86.Build.0 = Debug|Win32
		{6CB31799-11D9-401E-9D8F-EEFF030E63D6}.Release|x64.ActiveCfg = Release|x64
		{6CB31799-11D9-401E-9D8F-EEFF030E63D6}.Release|x64.Build.0 = Release|x64
		{6CB31799-11D9-401E-9D8F-EEFF030E63D6}.Release|x86.ActiveCfg = Release|Win32
		{6CB31799-11D9-401E-9D8F-EEFF030E63D6}.Release|x86.Build.0 = Release|Win32
		{F279E93D-631B-4016-B6A5-16F13094AE5A}.Debug|x64.ActiveCfg = Debug|x64
		{F279E93D-631B-4016-B6A5-16F13094AE5A}.Debug|x64.Build.0 = Debug|x64
		{F279E93D-631B-4016-B6A5-16F13094AE5A}.Debug|x86.ActiveCfg = Debug|Win32
		{F279E93D-631B-4016-B6A5-16F13094AE5A}.Debug|x86.Build.0 = Debug|Win32
		{F279E93D-631B-4016-B6A5-16F13094AE5A}.Release|x64.ActiveCfg = Release|x64
		{F279E93D-631B-4016-B6A5-16F13094AE5A}.Release|x64.Build.0 = Release|x64
		{F279E93D-631B-4016-B6A5-16F13094AE5A}.Release|x86.ActiveCfg = Release|Win32
		{F279E93D-631B-4016-B6A5-16F13094AE5A}.Release|x86.Build.0 = Release|Win32
		{2D0E2C6C-0581-47E5-8396-B533B043E578}.Debug|x64.ActiveCfg = Debug|x64
		{2D0E2C6C-0581-47E5-8396-B533B043E578}.Debug|x64.Build.0 = Debug|x64
		{2D0E2C6C-0581-47E5-8396-B533B043E578}.Debug|x86.ActiveCfg = Debug|Win32
		{2D0E2C6C-0581-47E5-8396-B533B043E578}.Debug|x86.Build.0 = Debug|Win32
		{2D0E2C6C-0581-47E5-8396-B533B043E578}.Release|x64.ActiveCfg = Release|x64
		{2D0E2C6C-0581-47E5-8396-B533B043E578}.Release|x64.Build.0 = Release|x64
		{2D0E2C6C-0581-47E5-8396-B533B043E578}.Release|x86.ActiveCfg = Release|Win32
		{2D0E2C6C-0581-47E5-8396-B533B043E578}.Release|x86.Build.0 = Release|Win32
		{E0B52AE7-E160-4D32-BF3F-910B785E5A8E}.Debug|x64.ActiveCfg = Debug|x64
		{E0B52AE7-E160-4D32-BF3F-910B785E5A8E}.Debug|x64.Build.0 = Debug|x64
		{E0B52AE7-E160-4D32-BF3F-910B785E5A8E}.Debug|x86.ActiveCfg = Debug|Win32
		{E0B52AE7-E160-4D32-BF3F-910B785E5A8E}.Debug|x86.Build.0 = Debug|Win32
		{E0B52AE7-E160-4D32-BF3F-910B785E5A8E}.Release|x64.ActiveCfg = Release|x64
		{E0B52AE7-E160-4D32-BF3F-910B785E5A8E}.Release|x64.Build.0 = Release|x64
		{E0B52AE7-E160-4D32-BF3F-910B785E5A8E}.Release|x86.ActiveCfg = Release|Win32
		{E0B52AE7-E160-4D32-BF3F-910B785E5A8E}.Release|x86.Build.0 = Release|Win32
		{7DBB5176-B7CD-4E0B-8466-17AC5D426073}.Debug|x64.ActiveCfg = Debug|x64
		{7DBB5176-B7CD-4E0B-8466-17AC5D426073}.Debug|x64.Build.0 = Debug|x64
		{7DBB5176-B7CD-4E0B-8466-17AC5D426073}.Debug|x86.ActiveCfg = Debug|Win32
		{7DBB5176-B7CD-4E0B-8466-17AC5D426073}.Debug|x86.Build.0 = Debug|Win32
		{7DBB5176-B7CD-4E0B-8466-17AC5D426073}.Release|x64.ActiveCfg = Release|x64
		{7DBB5176-B7CD-4E0B-8466-17AC5D426073}.Release|x64.Build.0 = Release|x64
		{7DBB5176-B7CD-4E0B-8466-17AC5D426073}.Release|x86.ActiveCfg = Release|Win32
		{7DBB5176-B7CD-4E0B-8466-17AC5D426073}.Release|x86.Build.0 = Release|Win32
		{3629F01A-6FED-42EB-B308-E9F7F1346EAF}.Debug|x64.ActiveCfg = Debug|x64
		{3629F01A-6FED-42EB-B308-E9F7F1346EAF}.Debug|x64.Build.0 = Debug|x64
		{3629F01A-6FED-42EB-B308-E9F7F1346EAF}.Debug|x86.ActiveCfg = Debug|Win32
		{3629F01A-6FED-42EB-B308-E9F7F1346EAF}.Debug|x86.Build.0 = Debug|Win32
		{3629F01A-6FED-42EB-B308-E9F7F1346EAF}.Release|x64.ActiveCfg = Release|x64
		{3629F01A-6FED-42EB-B308-E9F7F1346EAF}.Release|x64.Build.0 = Release|x64
		{3629F01A-6FED-42EB-B308-E9F7F1346EAF}.Release|x86.ActiveCfg = Release|Win32
		{3629F01A-6FED-42EB-B308-E9F7F1346EAF}.Release|x86.Build.0 = Release|Win32
		{BC6DF716-4552-478A-A95F-56C5307C7F88}.Debug|x64.ActiveCfg = Debug|x64
		{BC6DF716-4552-478A-A95F-56C5307C7F88}.Debug|x64.Build.0 = Debug|x64
		{BC6DF716-4552-478A-A95F-56C5307C7F88}.Debug|x86.ActiveCfg = Debug|Win32
		{BC6DF716-4552-478A-A95F-56C5307C7F88}.Debug|x86.Build.0 = Debug|Win32
		{BC6DF716-4552-478A-A95F-56C5307C7F88}.Release|x64.ActiveCfg = Release|x64
		{BC6DF716-4552-478A-A95F-56C5307C7F88}.Release|x64.Build.0 = Release|x64
		{BC6DF716-4552-478A-A95F-56C5307C7F88}.Release|x86.ActiveCfg = Release|Win32
		{BC6DF716-4552-478A-A95F-56C5307C7F88}.Release|x86.Build.0 = Release|Win32
		{0D719EAF-0607-43DB-8ABB-D5FBBAAC89E8}.Debug|x64.ActiveCfg = Debug|x64
		{0D719EAF-0607-43DB-8ABB-D5FBBAAC89E8}.Debug|x64.Build.0 = Debug|x64
		{0D719EAF-0607-43DB-8ABB-D5FBBAAC89E8}.Debug|x86.ActiveCfg = Debug|Win32
		{0D719EAF-0607-43DB-8ABB-D5FBBAAC89E8}.Debug|x86.Build.0 = Debug|Win32
		{0D719EAF-0607-43DB-8ABB-D5FBBAAC89E8}.Release|x64.ActiveCfg = Release|x64
		{0D719EAF-0607-43DB-8ABB-D5FBBAAC89E8}.Release|x64.Build.0 = Release|x64
		{0D719EAF-0607-43DB-8ABB-D5FBBAAC89E8}.Release|x86.ActiveCfg = Release|Win32
		{0D719EAF-0607-43DB-8ABB-D5FBBAAC89E8}.Release|x86.Build.0 = Release|Win32
		{CDA752AE-BFD0-474B-8835-128F2342869C}.Debug|x64.ActiveCfg = Debug|x64
		{CDA752AE-BFD0-474B-8835-128F2342869C}.Debug|x64.Build.0 = Debug|x64
		{CDA752AE-BFD0-474B-8835-128F2342869C}.Debug|x86.ActiveCfg = Debug|Win32
		{CDA752AE-BFD0-474B-8835-128F2342869C}.Debug|x86.Build.0 = Debug|Win32
		{CDA752AE-BFD0-474B-8835-128F2342869C}.Release|x64.ActiveCfg = Release|x64
		{CDA752AE-BFD0-474B-8835-128F2342869C}.Release|x64.Build.0 = Release|x64
		{CDA752AE-BFD0-474B-8835-128F2342869C}.Release|x86.ActiveCfg = Release|Win32
		{CDA752AE-BFD0-474B-8835-128F2342869C}.Release|x86.Build.0 = Release|Win32
		{52D656A2-A2F4-4C54-A3C7-653427BED1E8}.Debug|x64.ActiveCfg = Debug|x64
		{52D656A2-A2F4-4C54-A3C7-653427BED1E8}.Debug|x64.Build.0 = Debug|x64
		{52D656A2-A2F4-4C54-A3C7-653427BED1E8}.Debug|x86.ActiveCfg = Debug|Win32
		{52D656A2-A2F4-4C54-A3C7-653427BED1E8}.Debug|x86.Build.0 = Debug|Win32
		{52D656A2-A2F4-4C54-A3C7-653427BED1E8}.Release|x64.ActiveCfg = Release|x64
		{52D656A2-A2F4-4C54-A3C7-653427BED1E8}.Release|x64.Build.0 = Release|x64
		{52D656A2-A2F4-4C54-A3C7-653427BED1E8}.Release|x86.ActiveCfg = Release|Win32
		{52D656A2-A2F4-4C54-A3C7-653427BED1E8}.Release|x86.Build.0 = Release|Win32
		{616548C4-23B8-46D2-B1BA-0F1AC290CA2A}.Debug|x64.ActiveCfg = Debug|x64
		{616548C4-23B8-46D2-B1BA-0F1AC290CA2A}.Debug|x64.Build.0 = Debug|x64
		{616548C4-23B8-46D2-B1BA-0F1AC290CA2A}.Debug|x86.ActiveCfg = Debug|Win32
		{616548C4-23B8-46D2-B1BA-0F1AC290CA2A}.Debug|x86.Build.0 = Debug|Win32
		{616548C4-23B8-46D2-B1BA-0F1AC290CA2A}.Release|x64.ActiveCfg = Release|x64
		{616548C4-23B8-46D2-B1BA-0F1AC290CA2A}.Release|x64.Build.0 = Release|x64
		{616548C4-23B8-46D2-B1BA-0F1AC290CA2A}.Release|x86.ActiveCfg = Release|Win32
		{616548C4-23B8-46D2-B1BA-0F1AC290CA2A}.Release|x86.Build.0 = Release|Win32
	EndGlobalSection
	GlobalSection(SolutionProperties) = preSolution
		HideSolutionNode = FALSE
	EndGlobalSection
	GlobalSection(NestedProjects) = preSolution
		{50558D65-F722-4464-B0FC-F75F71A06042} = {9A754086-3BB2-4F86-933F-C063EB073079}
		{347DF94C-C5FE-4CBD-89D7-E1CB7A57D97D} = {27FE03D3-7CD7-4AE2-8422-13123647D5F7}
		{F4477525-A4BD-4A9A-B753-FB30D800CBE1} = {065FBC0C-6CE9-4816-BB3B-659EAB36DFED}
		{6CB31799-11D9-401E-9D8F-EEFF030E63D6} = {6D91F16A-5DD5-45C7-B757-6E49D958D8A2}
		{F279E93D-631B-4016-B6A5-16F13094AE5A} = {27FE03D3-7CD7-4AE2-8422-13123647D5F7}
		{2D0E2C6C-0581-47E5-8396-B533B043E578} = {27FE03D3-7CD7-4AE2-8422-13123647D5F7}
		{E0B52AE7-E160-4D32-BF3F-910B785E5A8E} = {DB27359A-0C22-40EA-A245-6E55D2489E5D}
		{7DBB5176-B7CD-4E0B-8466-17AC5D426073} = {6D91F16A-5DD5-45C7-B757-6E49D958D8A2}
		{3629F01A-6FED-42EB-B308-E9F7F1346EAF} = {27FE03D3-7CD7-4AE2-8422-13123647D5F7}
		{45F12F59-52C9-4702-8F1B-CA6B06927167} = {614F41C5-BEBB-48ED-B559-0EEE3AF57B07}
		{BC6DF716-4552-478A-A95F-56C5307C7F88} = {6D91F16A-5DD5-45C7-B757-6E49D958D8A2}
		{0D719EAF-0607-43DB-8ABB-D5FBBAAC89E8} = {6D91F16A-5DD5-45C7-B757-6E49D958D8A2}
		{CDA752AE-BFD0-474B-8835-128F2342869C} = {6D91F16A-5DD5-45C7-B757-6E49D958D8A2}
		{52D656A2-A2F4-4C54-A3C7-653427BED1E8} = {DB27359A-0C22-40EA-A245-6E55D2489E5D}
		{616548C4-23B8-46D2-B1BA-0F1AC290CA2A} = {6D91F16A-5DD5-45C7-B757-6E49D958D8A2}
	EndGlobalSection
	GlobalSection(ExtensibilityGlobals) = postSolution
		SolutionGuid = {A2B429F6-D445-4022-B927-3B503F632F7A}
	EndGlobalSection
EndGlobal
